
Microsoft Visual Studio Solution File, Format Version 12.00
Project("{FAE04EC0-301F-11D3-BF4B-00C04F79EFBC}") = "NoCollision", "NoCollision\NoCollision.csproj", "{3B5CC64E-C2BA-428C-B5B8-0FE20FBDD37A}"
EndProject
Global
	GlobalSection(SolutionConfigurationPlatforms) = preSolution
		Debug|Any CPU = Debug|Any CPU
		Release|Any CPU = Release|Any CPU
	EndGlobalSection
	GlobalSection(ProjectConfigurationPlatforms) = postSolution
		{3B5CC64E-C2BA-428C-B5B8-0FE20FBDD37A}.Debug|Any CPU.ActiveCfg = Debug|Any CPU
		{3B5CC64E-C2BA-428C-B5B8-0FE20FBDD37A}.Debug|Any CPU.Build.0 = Debug|Any CPU
		{3B5CC64E-C2BA-428C-B5B8-0FE20FBDD37A}.Release|Any CPU.ActiveCfg = Release|Any CPU
		{3B5CC64E-C2BA-428C-B5B8-0FE20FBDD37A}.Release|Any CPU.Build.0 = Release|Any CPU
	EndGlobalSection
EndGlobal
